
Microsoft Visual Studio Solution File, Format Version 12.00
# Visual Studio 15
VisualStudioVersion = 15.0.27703.2042
MinimumVisualStudioVersion = 10.0.40219.1
Project("{FAE04EC0-301F-11D3-BF4B-00C04F79EFBC}") = "Wormhole", "Wormhole.csproj", "{A9DCAC72-BC77-4C33-BE70-BBFD31D7C798}"
EndProject
Global
	GlobalSection(SolutionConfigurationPlatforms) = preSolution
		Debug-Windows|x86 = Debug-Windows|x86
	EndGlobalSection
	GlobalSection(ProjectConfigurationPlatforms) = postSolution
		{A9DCAC72-BC77-4C33-BE70-BBFD31D7C798}.Debug-Windows|x86.ActiveCfg = Debug-Windows|x86
		{A9DCAC72-BC77-4C33-BE70-BBFD31D7C798}.Debug-Windows|x86.Build.0 = Debug-Windows|x86
	EndGlobalSection
	GlobalSection(SolutionProperties) = preSolution
		HideSolutionNode = FALSE
	EndGlobalSection
	GlobalSection(ExtensibilityGlobals) = postSolution
		SolutionGuid = {DFD3E284-7DBD-4F37-8AC6-ACC6C64CA284}
	EndGlobalSection
EndGlobal
